
Microsoft Visual Studio Solution File, Format Version 12.00
# Visual Studio Version 16
VisualStudioVersion = 16.0.29201.188
MinimumVisualStudioVersion = 10.0.40219.1
Project("{FAE04EC0-301F-11D3-BF4B-00C04F79EFBC}") = "BookWebApp", "BookWebApp\BookWebApp.csproj", "{26D321D2-7563-4E97-81AF-BD869829DB63}"
EndProject
Global
	GlobalSection(SolutionConfigurationPlatforms) = preSolution
		Debug|Any CPU = Debug|Any CPU
		Release|Any CPU = Release|Any CPU
	EndGlobalSection
	GlobalSection(ProjectConfigurationPlatforms) = postSolution
		{26D321D2-7563-4E97-81AF-BD869829DB63}.Debug|Any CPU.ActiveCfg = Debug|Any CPU
		{26D321D2-7563-4E97-81AF-BD869829DB63}.Debug|Any CPU.Build.0 = Debug|Any CPU
		{26D321D2-7563-4E97-81AF-BD869829DB63}.Release|Any CPU.ActiveCfg = Release|Any CPU
		{26D321D2-7563-4E97-81AF-BD869829DB63}.Release|Any CPU.Build.0 = Release|Any CPU
	EndGlobalSection
	GlobalSection(SolutionProperties) = preSolution
		HideSolutionNode = FALSE
	EndGlobalSection
	GlobalSection(ExtensibilityGlobals) = postSolution
		SolutionGuid = {A8CA6D6A-B940-49C8-A028-A0CA7EAF55C3}
	EndGlobalSection
EndGlobal
